
Microsoft Visual Studio Solution File, Format Version 12.00
# Visual Studio Version 17
VisualStudioVersion = 17.7.34221.43
MinimumVisualStudioVersion = 10.0.40219.1
Project("{FAE04EC0-301F-11D3-BF4B-00C04F79EFBC}") = "DatabaseConnection", "DatabaseConnection.csproj", "{256CC1E4-59BC-4620-93F9-0BCD35DA3EAC}"
EndProject
Project("{FAE04EC0-301F-11D3-BF4B-00C04F79EFBC}") = "Connect", "..\Connect\Connect.csproj", "{ED810E88-832C-47EF-A0CB-5F59BE7D8F68}"
EndProject
Global
	GlobalSection(SolutionConfigurationPlatforms) = preSolution
		Debug|Any CPU = Debug|Any CPU
		Release|Any CPU = Release|Any CPU
	EndGlobalSection
	GlobalSection(ProjectConfigurationPlatforms) = postSolution
		{256CC1E4-59BC-4620-93F9-0BCD35DA3EAC}.Debug|Any CPU.ActiveCfg = Debug|Any CPU
		{256CC1E4-59BC-4620-93F9-0BCD35DA3EAC}.Debug|Any CPU.Build.0 = Debug|Any CPU
		{256CC1E4-59BC-4620-93F9-0BCD35DA3EAC}.Release|Any CPU.ActiveCfg = Release|Any CPU
		{256CC1E4-59BC-4620-93F9-0BCD35DA3EAC}.Release|Any CPU.Build.0 = Release|Any CPU
		{ED810E88-832C-47EF-A0CB-5F59BE7D8F68}.Debug|Any CPU.ActiveCfg = Debug|Any CPU
		{ED810E88-832C-47EF-A0CB-5F59BE7D8F68}.Debug|Any CPU.Build.0 = Debug|Any CPU
		{ED810E88-832C-47EF-A0CB-5F59BE7D8F68}.Release|Any CPU.ActiveCfg = Release|Any CPU
		{ED810E88-832C-47EF-A0CB-5F59BE7D8F68}.Release|Any CPU.Build.0 = Release|Any CPU
	EndGlobalSection
	GlobalSection(SolutionProperties) = preSolution
		HideSolutionNode = FALSE
	EndGlobalSection
	GlobalSection(ExtensibilityGlobals) = postSolution
		SolutionGuid = {15DE2330-8B08-4D0C-A99F-167786AF8F80}
	EndGlobalSection
EndGlobal
